
Microsoft Visual Studio Solution File, Format Version 12.00
# Visual Studio Version 17
VisualStudioVersion = 17.0.31903.59
MinimumVisualStudioVersion = 10.0.40219.1
Project("{2150E333-8FDC-42A3-9474-1A3956D46DE8}") = "api-gateway", "api-gateway", "{2B26CA81-F803-4EBD-B93A-6AEF7A4BEDB1}"
EndProject
Project("{2150E333-8FDC-42A3-9474-1A3956D46DE8}") = "src", "src", "{57A592AE-C1D6-442F-9248-E946C8BC755C}"
EndProject
Project("{FAE04EC0-301F-11D3-BF4B-00C04F79EFBC}") = "Nexus.ApiGateway", "api-gateway\src\Nexus.ApiGateway\Nexus.ApiGateway.csproj", "{BC96AB57-AE61-4085-9CF0-25ED87CBD14E}"
EndProject
Project("{2150E333-8FDC-42A3-9474-1A3956D46DE8}") = "tests", "tests", "{EAE72144-6BD5-4FC3-9661-71E6ADE6730C}"
EndProject
Project("{FAE04EC0-301F-11D3-BF4B-00C04F79EFBC}") = "Nexus.ApiGateway.UnitTests", "api-gateway\tests\Nexus.ApiGateway.UnitTests\Nexus.ApiGateway.UnitTests.csproj", "{7224556E-82C0-41EF-B89D-4089F1F3A94C}"
EndProject
Project("{2150E333-8FDC-42A3-9474-1A3956D46DE8}") = "libraries", "libraries", "{44B5A141-7BB5-439F-9414-9E52E60C821D}"
EndProject
Project("{2150E333-8FDC-42A3-9474-1A3956D46DE8}") = "src", "src", "{0EAB86E2-8BF2-4D16-86E9-64E9C3F61EE6}"
EndProject
Project("{FAE04EC0-301F-11D3-BF4B-00C04F79EFBC}") = "Nexus.Auth", "libraries\src\Nexus.Auth\Nexus.Auth.csproj", "{70F5869D-8702-4AA2-8B47-541DA2BC1553}"
EndProject
Project("{FAE04EC0-301F-11D3-BF4B-00C04F79EFBC}") = "Nexus.Configuration", "libraries\src\Nexus.Configuration\Nexus.Configuration.csproj", "{A5050908-9BDE-407A-A97B-684BD5AB1651}"
EndProject
Project("{FAE04EC0-301F-11D3-BF4B-00C04F79EFBC}") = "Nexus.Core", "libraries\src\Nexus.Core\Nexus.Core.csproj", "{F6C21312-37E3-4201-834B-AF0453407B2F}"
EndProject
Project("{FAE04EC0-301F-11D3-BF4B-00C04F79EFBC}") = "Nexus.Framework.Web", "libraries\src\Nexus.Framework.Web\Nexus.Framework.Web.csproj", "{64F4A016-1283-4684-8F5C-AF8E5A3AB0A9}"
EndProject
Project("{FAE04EC0-301F-11D3-BF4B-00C04F79EFBC}") = "Nexus.Logging", "libraries\src\Nexus.Logging\Nexus.Logging.csproj", "{43B404DD-AAA8-47BF-9C02-51251EC79A4E}"
EndProject
Project("{FAE04EC0-301F-11D3-BF4B-00C04F79EFBC}") = "Nexus.Management", "libraries\src\Nexus.Management\Nexus.Management.csproj", "{D5A2871B-F32F-483B-BBDB-577F6FA42182}"
EndProject
Project("{FAE04EC0-301F-11D3-BF4B-00C04F79EFBC}") = "Nexus.Persistence", "libraries\src\Nexus.Persistence\Nexus.Persistence.csproj", "{D9609783-3B1E-4994-BD24-0140771CD972}"
EndProject
Project("{FAE04EC0-301F-11D3-BF4B-00C04F79EFBC}") = "Nexus.Telemetry", "libraries\src\Nexus.Telemetry\Nexus.Telemetry.csproj", "{481D4BE7-9EC9-433C-BEB9-7DEFF9F3009F}"
EndProject
Project("{2150E333-8FDC-42A3-9474-1A3956D46DE8}") = "tests", "tests", "{12210D1B-FEEE-4F8C-B062-7E27060F6AC4}"
EndProject
Project("{FAE04EC0-301F-11D3-BF4B-00C04F79EFBC}") = "Nexus.Auth.UnitTests", "libraries\tests\Nexus.Auth.UnitTests\Nexus.Auth.UnitTests.csproj", "{0ED44ABC-F94D-4D5D-A3FD-FCE4B446F6AB}"
EndProject
Project("{FAE04EC0-301F-11D3-BF4B-00C04F79EFBC}") = "Nexus.Core.UnitTests", "libraries\tests\Nexus.Core.UnitTests\Nexus.Core.UnitTests.csproj", "{250D0AC7-135C-4B45-B685-2AF54B1DDDCE}"
EndProject
Project("{2150E333-8FDC-42A3-9474-1A3956D46DE8}") = "health-checks-dashboard", "health-checks-dashboard", "{0CFCFAEC-7350-4CED-8BBA-EFB178E4AC35}"
EndProject
Project("{2150E333-8FDC-42A3-9474-1A3956D46DE8}") = "src", "src", "{A7EAEA89-9122-4330-A838-D461F048D5FA}"
EndProject
Project("{FAE04EC0-301F-11D3-BF4B-00C04F79EFBC}") = "Nexus.HealthChecksDashboard", "health-checks-dashboard\src\Nexus.HealthChecksDashboard\Nexus.HealthChecksDashboard.csproj", "{58573D5E-E9B6-4AD4-B72C-1BDD80FFF646}"
EndProject
Project("{2150E333-8FDC-42A3-9474-1A3956D46DE8}") = "services", "services", "{F84AD233-3869-4D94-BB6B-CD88325CC5D3}"
EndProject
Project("{2150E333-8FDC-42A3-9474-1A3956D46DE8}") = "company-api", "company-api", "{6BE498D1-4D82-4692-A4C0-5E40B493A593}"
EndProject
Project("{2150E333-8FDC-42A3-9474-1A3956D46DE8}") = "src", "src", "{87E2F2E2-3FA5-47D8-9F43-3A6790EBA508}"
EndProject
Project("{FAE04EC0-301F-11D3-BF4B-00C04F79EFBC}") = "Nexus.Company.Api", "services\company-api\src\Nexus.Company.Api\Nexus.Company.Api.csproj", "{1CE53D46-D1FA-42E5-A0EB-FEFCF55B1C9E}"
EndProject
Project("{2150E333-8FDC-42A3-9474-1A3956D46DE8}") = "tests", "tests", "{CF83F571-6023-4928-88EB-FEF6FFE61FCD}"
EndProject
Project("{FAE04EC0-301F-11D3-BF4B-00C04F79EFBC}") = "Nexus.Company.Api.IntegrationTests", "services\company-api\tests\Nexus.Company.Api.IntegrationTests\Nexus.Company.Api.IntegrationTests.csproj", "{24CD7BDB-DB99-4DE7-B0D1-41564D598400}"
EndProject
Project("{FAE04EC0-301F-11D3-BF4B-00C04F79EFBC}") = "Nexus.Company.Api.UnitTests", "services\company-api\tests\Nexus.Company.Api.UnitTests\Nexus.Company.Api.UnitTests.csproj", "{DD670BB6-2219-4A18-BD9F-46F5FD63CF50}"
EndProject
Project("{2150E333-8FDC-42A3-9474-1A3956D46DE8}") = "project-api", "project-api", "{53217576-1143-4245-BE10-CFA93F02A591}"
EndProject
Project("{2150E333-8FDC-42A3-9474-1A3956D46DE8}") = "src", "src", "{0935D250-A38E-44D3-A473-6427B790720C}"
EndProject
Project("{FAE04EC0-301F-11D3-BF4B-00C04F79EFBC}") = "Nexus.Project.Api", "services\project-api\src\Nexus.Project.Api\Nexus.Project.Api.csproj", "{A680F488-DA3E-4E50-969D-63C5071B8809}"
EndProject
Project("{2150E333-8FDC-42A3-9474-1A3956D46DE8}") = "tests", "tests", "{0D52296F-5039-4571-AB44-3D16FCCB3A26}"
EndProject
Project("{FAE04EC0-301F-11D3-BF4B-00C04F79EFBC}") = "Nexus.Project.Api.UnitTests", "services\project-api\tests\Nexus.Project.Api.UnitTests\Nexus.Project.Api.UnitTests.csproj", "{5FECAAB2-7A03-4145-81A2-0FBA398CD2EA}"
EndProject
Project("{2150E333-8FDC-42A3-9474-1A3956D46DE8}") = "scripts", "scripts", "{A13717A5-5107-4A86-898A-ABD223ACB0D6}"
	ProjectSection(SolutionItems) = preProject
		build-docker-images.ps1 = build-docker-images.ps1
		cleanup-docker-solution.ps1 = cleanup-docker-solution.ps1
		cleanup-local-solution.ps1 = cleanup-local-solution.ps1
		publish-docker-images.ps1 = publish-docker-images.ps1
		setup-docker-solution.ps1 = setup-docker-solution.ps1
		setup-k8s.ps1 = setup-k8s.ps1
		setup-local-dev.ps1 = setup-local-dev.ps1
		docker-compose.yml = docker-compose.yml
		docker-compose-local.yml = docker-compose-local.yml
	EndProjectSection
EndProject
Project("{2150E333-8FDC-42A3-9474-1A3956D46DE8}") = "config", "config", "{327048CC-60AA-4FEA-AE32-21E3E3C4243F}"
	ProjectSection(SolutionItems) = preProject
		.dockerignore = .dockerignore
		.editorconfig = .editorconfig
		.env = .env
		.gitignore = .gitignore
		global.json = global.json
		Directory.Packages.props = Directory.Packages.props
	EndProjectSection
EndProject
Global
	GlobalSection(SolutionConfigurationPlatforms) = preSolution
		Debug|Any CPU = Debug|Any CPU
		Release|Any CPU = Release|Any CPU
	EndGlobalSection
	GlobalSection(SolutionProperties) = preSolution
		HideSolutionNode = FALSE
	EndGlobalSection
	GlobalSection(ProjectConfigurationPlatforms) = postSolution
		{BC96AB57-AE61-4085-9CF0-25ED87CBD14E}.Debug|Any CPU.ActiveCfg = Debug|Any CPU
		{BC96AB57-AE61-4085-9CF0-25ED87CBD14E}.Debug|Any CPU.Build.0 = Debug|Any CPU
		{BC96AB57-AE61-4085-9CF0-25ED87CBD14E}.Release|Any CPU.ActiveCfg = Release|Any CPU
		{BC96AB57-AE61-4085-9CF0-25ED87CBD14E}.Release|Any CPU.Build.0 = Release|Any CPU
		{7224556E-82C0-41EF-B89D-4089F1F3A94C}.Debug|Any CPU.ActiveCfg = Debug|Any CPU
		{7224556E-82C0-41EF-B89D-4089F1F3A94C}.Debug|Any CPU.Build.0 = Debug|Any CPU
		{7224556E-82C0-41EF-B89D-4089F1F3A94C}.Release|Any CPU.ActiveCfg = Release|Any CPU
		{7224556E-82C0-41EF-B89D-4089F1F3A94C}.Release|Any CPU.Build.0 = Release|Any CPU
		{70F5869D-8702-4AA2-8B47-541DA2BC1553}.Debug|Any CPU.ActiveCfg = Debug|Any CPU
		{70F5869D-8702-4AA2-8B47-541DA2BC1553}.Debug|Any CPU.Build.0 = Debug|Any CPU
		{70F5869D-8702-4AA2-8B47-541DA2BC1553}.Release|Any CPU.ActiveCfg = Release|Any CPU
		{70F5869D-8702-4AA2-8B47-541DA2BC1553}.Release|Any CPU.Build.0 = Release|Any CPU
		{A5050908-9BDE-407A-A97B-684BD5AB1651}.Debug|Any CPU.ActiveCfg = Debug|Any CPU
		{A5050908-9BDE-407A-A97B-684BD5AB1651}.Debug|Any CPU.Build.0 = Debug|Any CPU
		{A5050908-9BDE-407A-A97B-684BD5AB1651}.Release|Any CPU.ActiveCfg = Release|Any CPU
		{A5050908-9BDE-407A-A97B-684BD5AB1651}.Release|Any CPU.Build.0 = Release|Any CPU
		{F6C21312-37E3-4201-834B-AF0453407B2F}.Debug|Any CPU.ActiveCfg = Debug|Any CPU
		{F6C21312-37E3-4201-834B-AF0453407B2F}.Debug|Any CPU.Build.0 = Debug|Any CPU
		{F6C21312-37E3-4201-834B-AF0453407B2F}.Release|Any CPU.ActiveCfg = Release|Any CPU
		{F6C21312-37E3-4201-834B-AF0453407B2F}.Release|Any CPU.Build.0 = Release|Any CPU
		{64F4A016-1283-4684-8F5C-AF8E5A3AB0A9}.Debug|Any CPU.ActiveCfg = Debug|Any CPU
		{64F4A016-1283-4684-8F5C-AF8E5A3AB0A9}.Debug|Any CPU.Build.0 = Debug|Any CPU
		{64F4A016-1283-4684-8F5C-AF8E5A3AB0A9}.Release|Any CPU.ActiveCfg = Release|Any CPU
		{64F4A016-1283-4684-8F5C-AF8E5A3AB0A9}.Release|Any CPU.Build.0 = Release|Any CPU
		{43B404DD-AAA8-47BF-9C02-51251EC79A4E}.Debug|Any CPU.ActiveCfg = Debug|Any CPU
		{43B404DD-AAA8-47BF-9C02-51251EC79A4E}.Debug|Any CPU.Build.0 = Debug|Any CPU
		{43B404DD-AAA8-47BF-9C02-51251EC79A4E}.Release|Any CPU.ActiveCfg = Release|Any CPU
		{43B404DD-AAA8-47BF-9C02-51251EC79A4E}.Release|Any CPU.Build.0 = Release|Any CPU
		{D5A2871B-F32F-483B-BBDB-577F6FA42182}.Debug|Any CPU.ActiveCfg = Debug|Any CPU
		{D5A2871B-F32F-483B-BBDB-577F6FA42182}.Debug|Any CPU.Build.0 = Debug|Any CPU
		{D5A2871B-F32F-483B-BBDB-577F6FA42182}.Release|Any CPU.ActiveCfg = Release|Any CPU
		{D5A2871B-F32F-483B-BBDB-577F6FA42182}.Release|Any CPU.Build.0 = Release|Any CPU
		{D9609783-3B1E-4994-BD24-0140771CD972}.Debug|Any CPU.ActiveCfg = Debug|Any CPU
		{D9609783-3B1E-4994-BD24-0140771CD972}.Debug|Any CPU.Build.0 = Debug|Any CPU
		{D9609783-3B1E-4994-BD24-0140771CD972}.Release|Any CPU.ActiveCfg = Release|Any CPU
		{D9609783-3B1E-4994-BD24-0140771CD972}.Release|Any CPU.Build.0 = Release|Any CPU
		{481D4BE7-9EC9-433C-BEB9-7DEFF9F3009F}.Debug|Any CPU.ActiveCfg = Debug|Any CPU
		{481D4BE7-9EC9-433C-BEB9-7DEFF9F3009F}.Debug|Any CPU.Build.0 = Debug|Any CPU
		{481D4BE7-9EC9-433C-BEB9-7DEFF9F3009F}.Release|Any CPU.ActiveCfg = Release|Any CPU
		{481D4BE7-9EC9-433C-BEB9-7DEFF9F3009F}.Release|Any CPU.Build.0 = Release|Any CPU
		{0ED44ABC-F94D-4D5D-A3FD-FCE4B446F6AB}.Debug|Any CPU.ActiveCfg = Debug|Any CPU
		{0ED44ABC-F94D-4D5D-A3FD-FCE4B446F6AB}.Debug|Any CPU.Build.0 = Debug|Any CPU
		{0ED44ABC-F94D-4D5D-A3FD-FCE4B446F6AB}.Release|Any CPU.ActiveCfg = Release|Any CPU
		{0ED44ABC-F94D-4D5D-A3FD-FCE4B446F6AB}.Release|Any CPU.Build.0 = Release|Any CPU
		{250D0AC7-135C-4B45-B685-2AF54B1DDDCE}.Debug|Any CPU.ActiveCfg = Debug|Any CPU
		{250D0AC7-135C-4B45-B685-2AF54B1DDDCE}.Debug|Any CPU.Build.0 = Debug|Any CPU
		{250D0AC7-135C-4B45-B685-2AF54B1DDDCE}.Release|Any CPU.ActiveCfg = Release|Any CPU
		{250D0AC7-135C-4B45-B685-2AF54B1DDDCE}.Release|Any CPU.Build.0 = Release|Any CPU
		{58573D5E-E9B6-4AD4-B72C-1BDD80FFF646}.Debug|Any CPU.ActiveCfg = Debug|Any CPU
		{58573D5E-E9B6-4AD4-B72C-1BDD80FFF646}.Debug|Any CPU.Build.0 = Debug|Any CPU
		{58573D5E-E9B6-4AD4-B72C-1BDD80FFF646}.Release|Any CPU.ActiveCfg = Release|Any CPU
		{58573D5E-E9B6-4AD4-B72C-1BDD80FFF646}.Release|Any CPU.Build.0 = Release|Any CPU
		{1CE53D46-D1FA-42E5-A0EB-FEFCF55B1C9E}.Debug|Any CPU.ActiveCfg = Debug|Any CPU
		{1CE53D46-D1FA-42E5-A0EB-FEFCF55B1C9E}.Debug|Any CPU.Build.0 = Debug|Any CPU
		{1CE53D46-D1FA-42E5-A0EB-FEFCF55B1C9E}.Release|Any CPU.ActiveCfg = Release|Any CPU
		{1CE53D46-D1FA-42E5-A0EB-FEFCF55B1C9E}.Release|Any CPU.Build.0 = Release|Any CPU
		{24CD7BDB-DB99-4DE7-B0D1-41564D598400}.Debug|Any CPU.ActiveCfg = Debug|Any CPU
		{24CD7BDB-DB99-4DE7-B0D1-41564D598400}.Debug|Any CPU.Build.0 = Debug|Any CPU
		{24CD7BDB-DB99-4DE7-B0D1-41564D598400}.Release|Any CPU.ActiveCfg = Release|Any CPU
		{24CD7BDB-DB99-4DE7-B0D1-41564D598400}.Release|Any CPU.Build.0 = Release|Any CPU
		{DD670BB6-2219-4A18-BD9F-46F5FD63CF50}.Debug|Any CPU.ActiveCfg = Debug|Any CPU
		{DD670BB6-2219-4A18-BD9F-46F5FD63CF50}.Debug|Any CPU.Build.0 = Debug|Any CPU
		{DD670BB6-2219-4A18-BD9F-46F5FD63CF50}.Release|Any CPU.ActiveCfg = Release|Any CPU
		{DD670BB6-2219-4A18-BD9F-46F5FD63CF50}.Release|Any CPU.Build.0 = Release|Any CPU
		{A680F488-DA3E-4E50-969D-63C5071B8809}.Debug|Any CPU.ActiveCfg = Debug|Any CPU
		{A680F488-DA3E-4E50-969D-63C5071B8809}.Debug|Any CPU.Build.0 = Debug|Any CPU
		{A680F488-DA3E-4E50-969D-63C5071B8809}.Release|Any CPU.ActiveCfg = Release|Any CPU
		{A680F488-DA3E-4E50-969D-63C5071B8809}.Release|Any CPU.Build.0 = Release|Any CPU
		{5FECAAB2-7A03-4145-81A2-0FBA398CD2EA}.Debug|Any CPU.ActiveCfg = Debug|Any CPU
		{5FECAAB2-7A03-4145-81A2-0FBA398CD2EA}.Debug|Any CPU.Build.0 = Debug|Any CPU
		{5FECAAB2-7A03-4145-81A2-0FBA398CD2EA}.Release|Any CPU.ActiveCfg = Release|Any CPU
		{5FECAAB2-7A03-4145-81A2-0FBA398CD2EA}.Release|Any CPU.Build.0 = Release|Any CPU
	EndGlobalSection
	GlobalSection(NestedProjects) = preSolution
		{57A592AE-C1D6-442F-9248-E946C8BC755C} = {2B26CA81-F803-4EBD-B93A-6AEF7A4BEDB1}
		{BC96AB57-AE61-4085-9CF0-25ED87CBD14E} = {57A592AE-C1D6-442F-9248-E946C8BC755C}
		{EAE72144-6BD5-4FC3-9661-71E6ADE6730C} = {2B26CA81-F803-4EBD-B93A-6AEF7A4BEDB1}
		{7224556E-82C0-41EF-B89D-4089F1F3A94C} = {EAE72144-6BD5-4FC3-9661-71E6ADE6730C}
		{0EAB86E2-8BF2-4D16-86E9-64E9C3F61EE6} = {44B5A141-7BB5-439F-9414-9E52E60C821D}
		{70F5869D-8702-4AA2-8B47-541DA2BC1553} = {0EAB86E2-8BF2-4D16-86E9-64E9C3F61EE6}
		{A5050908-9BDE-407A-A97B-684BD5AB1651} = {0EAB86E2-8BF2-4D16-86E9-64E9C3F61EE6}
		{F6C21312-37E3-4201-834B-AF0453407B2F} = {0EAB86E2-8BF2-4D16-86E9-64E9C3F61EE6}
		{64F4A016-1283-4684-8F5C-AF8E5A3AB0A9} = {0EAB86E2-8BF2-4D16-86E9-64E9C3F61EE6}
		{43B404DD-AAA8-47BF-9C02-51251EC79A4E} = {0EAB86E2-8BF2-4D16-86E9-64E9C3F61EE6}
		{D5A2871B-F32F-483B-BBDB-577F6FA42182} = {0EAB86E2-8BF2-4D16-86E9-64E9C3F61EE6}
		{D9609783-3B1E-4994-BD24-0140771CD972} = {0EAB86E2-8BF2-4D16-86E9-64E9C3F61EE6}
		{481D4BE7-9EC9-433C-BEB9-7DEFF9F3009F} = {0EAB86E2-8BF2-4D16-86E9-64E9C3F61EE6}
		{12210D1B-FEEE-4F8C-B062-7E27060F6AC4} = {44B5A141-7BB5-439F-9414-9E52E60C821D}
		{0ED44ABC-F94D-4D5D-A3FD-FCE4B446F6AB} = {12210D1B-FEEE-4F8C-B062-7E27060F6AC4}
		{250D0AC7-135C-4B45-B685-2AF54B1DDDCE} = {12210D1B-FEEE-4F8C-B062-7E27060F6AC4}
		{A7EAEA89-9122-4330-A838-D461F048D5FA} = {0CFCFAEC-7350-4CED-8BBA-EFB178E4AC35}
		{58573D5E-E9B6-4AD4-B72C-1BDD80FFF646} = {A7EAEA89-9122-4330-A838-D461F048D5FA}
		{6BE498D1-4D82-4692-A4C0-5E40B493A593} = {F84AD233-3869-4D94-BB6B-CD88325CC5D3}
		{87E2F2E2-3FA5-47D8-9F43-3A6790EBA508} = {6BE498D1-4D82-4692-A4C0-5E40B493A593}
		{1CE53D46-D1FA-42E5-A0EB-FEFCF55B1C9E} = {87E2F2E2-3FA5-47D8-9F43-3A6790EBA508}
		{CF83F571-6023-4928-88EB-FEF6FFE61FCD} = {6BE498D1-4D82-4692-A4C0-5E40B493A593}
		{24CD7BDB-DB99-4DE7-B0D1-41564D598400} = {CF83F571-6023-4928-88EB-FEF6FFE61FCD}
		{DD670BB6-2219-4A18-BD9F-46F5FD63CF50} = {CF83F571-6023-4928-88EB-FEF6FFE61FCD}
		{53217576-1143-4245-BE10-CFA93F02A591} = {F84AD233-3869-4D94-BB6B-CD88325CC5D3}
		{0935D250-A38E-44D3-A473-6427B790720C} = {53217576-1143-4245-BE10-CFA93F02A591}
		{A680F488-DA3E-4E50-969D-63C5071B8809} = {0935D250-A38E-44D3-A473-6427B790720C}
		{0D52296F-5039-4571-AB44-3D16FCCB3A26} = {53217576-1143-4245-BE10-CFA93F02A591}
		{5FECAAB2-7A03-4145-81A2-0FBA398CD2EA} = {0D52296F-5039-4571-AB44-3D16FCCB3A26}
	EndGlobalSection
EndGlobal
