
Microsoft Visual Studio Solution File, Format Version 12.00
# Visual Studio Version 17
VisualStudioVersion = 17.0.31903.59
MinimumVisualStudioVersion = 10.0.40219.1
Project("{2150E333-8FDC-42A3-9474-1A3956D46DE8}") = "api-gateway", "api-gateway", "{2B26CA81-F803-4EBD-B93A-6AEF7A4BEDB1}"
	ProjectSection(SolutionItems) = preProject
		api-gateway\.gitignore = api-gateway\.gitignore
	EndProjectSection
EndProject
Project("{2150E333-8FDC-42A3-9474-1A3956D46DE8}") = "src", "src", "{57A592AE-C1D6-442F-9248-E946C8BC755C}"
EndProject
Project("{FAE04EC0-301F-11D3-BF4B-00C04F79EFBC}") = "Nexus.ApiGateway", "api-gateway\src\Nexus.ApiGateway\Nexus.ApiGateway.csproj", "{BC96AB57-AE61-4085-9CF0-25ED87CBD14E}"
EndProject
Project("{2150E333-8FDC-42A3-9474-1A3956D46DE8}") = "tests", "tests", "{EAE72144-6BD5-4FC3-9661-71E6ADE6730C}"
EndProject
Project("{FAE04EC0-301F-11D3-BF4B-00C04F79EFBC}") = "Nexus.ApiGateway.UnitTests", "api-gateway\tests\Nexus.ApiGateway.UnitTests\Nexus.ApiGateway.UnitTests.csproj", "{7224556E-82C0-41EF-B89D-4089F1F3A94C}"
EndProject
Project("{2150E333-8FDC-42A3-9474-1A3956D46DE8}") = "health-checks-dashboard", "health-checks-dashboard", "{0CFCFAEC-7350-4CED-8BBA-EFB178E4AC35}"
	ProjectSection(SolutionItems) = preProject
		health-checks-dashboard\.gitignore = health-checks-dashboard\.gitignore
	EndProjectSection
EndProject
Project("{2150E333-8FDC-42A3-9474-1A3956D46DE8}") = "src", "src", "{A7EAEA89-9122-4330-A838-D461F048D5FA}"
EndProject
Project("{FAE04EC0-301F-11D3-BF4B-00C04F79EFBC}") = "Nexus.HealthChecksDashboard", "health-checks-dashboard\src\Nexus.HealthChecksDashboard\Nexus.HealthChecksDashboard.csproj", "{58573D5E-E9B6-4AD4-B72C-1BDD80FFF646}"
EndProject
Project("{2150E333-8FDC-42A3-9474-1A3956D46DE8}") = "services", "services", "{F84AD233-3869-4D94-BB6B-CD88325CC5D3}"
EndProject
Project("{2150E333-8FDC-42A3-9474-1A3956D46DE8}") = "company-api", "company-api", "{6BE498D1-4D82-4692-A4C0-5E40B493A593}"
EndProject
Project("{2150E333-8FDC-42A3-9474-1A3956D46DE8}") = "src", "src", "{87E2F2E2-3FA5-47D8-9F43-3A6790EBA508}"
EndProject
Project("{FAE04EC0-301F-11D3-BF4B-00C04F79EFBC}") = "Nexus.Company.Api", "services\company-api\src\Nexus.Company.Api\Nexus.Company.Api.csproj", "{1CE53D46-D1FA-42E5-A0EB-FEFCF55B1C9E}"
EndProject
Project("{2150E333-8FDC-42A3-9474-1A3956D46DE8}") = "tests", "tests", "{CF83F571-6023-4928-88EB-FEF6FFE61FCD}"
EndProject
Project("{FAE04EC0-301F-11D3-BF4B-00C04F79EFBC}") = "Nexus.Company.Api.IntegrationTests", "services\company-api\tests\Nexus.Company.Api.IntegrationTests\Nexus.Company.Api.IntegrationTests.csproj", "{24CD7BDB-DB99-4DE7-B0D1-41564D598400}"
EndProject
Project("{FAE04EC0-301F-11D3-BF4B-00C04F79EFBC}") = "Nexus.Company.Api.UnitTests", "services\company-api\tests\Nexus.Company.Api.UnitTests\Nexus.Company.Api.UnitTests.csproj", "{DD670BB6-2219-4A18-BD9F-46F5FD63CF50}"
EndProject
Project("{2150E333-8FDC-42A3-9474-1A3956D46DE8}") = "project-api", "project-api", "{53217576-1143-4245-BE10-CFA93F02A591}"
EndProject
Project("{2150E333-8FDC-42A3-9474-1A3956D46DE8}") = "src", "src", "{0935D250-A38E-44D3-A473-6427B790720C}"
EndProject
Project("{FAE04EC0-301F-11D3-BF4B-00C04F79EFBC}") = "Nexus.Project.Api", "services\project-api\src\Nexus.Project.Api\Nexus.Project.Api.csproj", "{A680F488-DA3E-4E50-969D-63C5071B8809}"
EndProject
Project("{2150E333-8FDC-42A3-9474-1A3956D46DE8}") = "tests", "tests", "{0D52296F-5039-4571-AB44-3D16FCCB3A26}"
EndProject
Project("{FAE04EC0-301F-11D3-BF4B-00C04F79EFBC}") = "Nexus.Project.Api.UnitTests", "services\project-api\tests\Nexus.Project.Api.UnitTests\Nexus.Project.Api.UnitTests.csproj", "{5FECAAB2-7A03-4145-81A2-0FBA398CD2EA}"
EndProject
Project("{2150E333-8FDC-42A3-9474-1A3956D46DE8}") = "devcerts", "devcerts", "{A8046F0D-0FA5-47C9-8E1F-2E74D220779C}"
	ProjectSection(SolutionItems) = preProject
		devcerts\aspnetapp.pfx = devcerts\aspnetapp.pfx
	EndProjectSection
EndProject
Project("{2150E333-8FDC-42A3-9474-1A3956D46DE8}") = "discovery-server", "discovery-server", "{C862DE6E-48D5-4F48-9F39-74175E9C69D1}"
	ProjectSection(SolutionItems) = preProject
		discovery-server\.gitignore = discovery-server\.gitignore
	EndProjectSection
EndProject
Project("{2150E333-8FDC-42A3-9474-1A3956D46DE8}") = "config", "config", "{BAF59CCA-D41A-4851-84AB-4A7B5E93F45E}"
	ProjectSection(SolutionItems) = preProject
		discovery-server\config\config.hcl = discovery-server\config\config.hcl
	EndProjectSection
EndProject
Project("{2150E333-8FDC-42A3-9474-1A3956D46DE8}") = "docker", "docker", "{2BFF59C6-D8BE-4D18-8B0F-7CFD7E09A183}"
	ProjectSection(SolutionItems) = preProject
		discovery-server\docker\consul-acl.json = discovery-server\docker\consul-acl.json
		discovery-server\docker\README.md = discovery-server\docker\README.md
		discovery-server\docker\server1.json = discovery-server\docker\server1.json
		discovery-server\docker\server2.json = discovery-server\docker\server2.json
		discovery-server\docker\server3.json = discovery-server\docker\server3.json
		discovery-server\docker\docker-compose.yml = discovery-server\docker\docker-compose.yml
	EndProjectSection
EndProject
Project("{2150E333-8FDC-42A3-9474-1A3956D46DE8}") = "k8s", "k8s", "{750AF967-D784-488E-848F-449AAA0CA0C5}"
	ProjectSection(SolutionItems) = preProject
		discovery-server\k8s\values.yaml = discovery-server\k8s\values.yaml
		discovery-server\k8s\setup-consul.ps1 = discovery-server\k8s\setup-consul.ps1
	EndProjectSection
EndProject
Project("{2150E333-8FDC-42A3-9474-1A3956D46DE8}") = "certs", "certs", "{9B35BFE4-F51F-46A9-A090-977A1FD8900E}"
	ProjectSection(SolutionItems) = preProject
		discovery-server\docker\certs\consul-agent-ca.pem = discovery-server\docker\certs\consul-agent-ca.pem
		discovery-server\docker\certs\consul-agent-ca-key.pem = discovery-server\docker\certs\consul-agent-ca-key.pem
		discovery-server\docker\certs\dc1-server-consul-0.pem = discovery-server\docker\certs\dc1-server-consul-0.pem
		discovery-server\docker\certs\dc1-server-consul-0-key.pem = discovery-server\docker\certs\dc1-server-consul-0-key.pem
	EndProjectSection
EndProject
Project("{2150E333-8FDC-42A3-9474-1A3956D46DE8}") = "config", "config", "{89BCCC92-22B3-4FAB-8528-5E646B40FA6B}"
	ProjectSection(SolutionItems) = preProject
		discovery-server\k8s\config\config.hcl = discovery-server\k8s\config\config.hcl
	EndProjectSection
EndProject
Project("{2150E333-8FDC-42A3-9474-1A3956D46DE8}") = ".github", ".github", "{D3415C99-83CD-40EB-9C63-526681EB0FE2}"
EndProject
Project("{2150E333-8FDC-42A3-9474-1A3956D46DE8}") = "workflows", "workflows", "{42F4658A-DEA3-4EEE-AC8D-C77E012B11E1}"
	ProjectSection(SolutionItems) = preProject
		api-gateway\.github\workflows\dotnet.yml = api-gateway\.github\workflows\dotnet.yml
	EndProjectSection
EndProject
Project("{2150E333-8FDC-42A3-9474-1A3956D46DE8}") = "shared-kernel", "shared-kernel", "{3F879823-C2E2-4DAE-B4A8-FF1E99A8EB71}"
EndProject
Project("{2150E333-8FDC-42A3-9474-1A3956D46DE8}") = "src", "src", "{9CC5BC0F-8C19-44B0-A916-AE133C2A26D7}"
EndProject
Project("{FAE04EC0-301F-11D3-BF4B-00C04F79EFBC}") = "Nexus.SharedKernel", "shared-kernel\src\Nexus.SharedKernel\Nexus.SharedKernel.csproj", "{A5061D79-2B18-42CF-BBFF-8E7B3207E5F1}"
EndProject
Project("{2150E333-8FDC-42A3-9474-1A3956D46DE8}") = "people-api", "people-api", "{6A75EE21-46A9-4EAC-AA86-C8BD8F7B7841}"
EndProject
Project("{2150E333-8FDC-42A3-9474-1A3956D46DE8}") = "src", "src", "{6D929C88-090A-4DAE-BA81-F09F98BCD34D}"
EndProject
Project("{FAE04EC0-301F-11D3-BF4B-00C04F79EFBC}") = "Nexus.People.Api", "services\people-api\src\Nexus.People.Api\Nexus.People.Api.csproj", "{861A01B1-ADA3-431C-802D-089D1CEFE5F2}"
EndProject
Project("{2150E333-8FDC-42A3-9474-1A3956D46DE8}") = "Solution Items", "Solution Items", "{01C5FD2E-497E-4C1B-9704-670BAB5F76F7}"
	ProjectSection(SolutionItems) = preProject
		.dockerignore = .dockerignore
		.editorconfig = .editorconfig
		.env = .env
		.gitignore = .gitignore
		.runsettings = .runsettings
		appsettings.Global.json = appsettings.Global.json
		consul.global.json = consul.global.json
		Directory.Build.props = Directory.Build.props
		Directory.Packages.props = Directory.Packages.props
		docker-compose.yml = docker-compose.yml
		docker-compose-local.yml = docker-compose-local.yml
		global.json = global.json
		nexus.config.json = nexus.config.json
		prometheus.docker.yml = prometheus.docker.yml
		prometheus.local.yml = prometheus.local.yml
		README.md = README.md
	EndProjectSection
EndProject
Global
	GlobalSection(SolutionConfigurationPlatforms) = preSolution
		Debug|Any CPU = Debug|Any CPU
		Release|Any CPU = Release|Any CPU
	EndGlobalSection
	GlobalSection(SolutionProperties) = preSolution
		HideSolutionNode = FALSE
	EndGlobalSection
	GlobalSection(ProjectConfigurationPlatforms) = postSolution
		{BC96AB57-AE61-4085-9CF0-25ED87CBD14E}.Debug|Any CPU.ActiveCfg = Debug|Any CPU
		{BC96AB57-AE61-4085-9CF0-25ED87CBD14E}.Debug|Any CPU.Build.0 = Debug|Any CPU
		{BC96AB57-AE61-4085-9CF0-25ED87CBD14E}.Release|Any CPU.ActiveCfg = Release|Any CPU
		{BC96AB57-AE61-4085-9CF0-25ED87CBD14E}.Release|Any CPU.Build.0 = Release|Any CPU
		{7224556E-82C0-41EF-B89D-4089F1F3A94C}.Debug|Any CPU.ActiveCfg = Debug|Any CPU
		{7224556E-82C0-41EF-B89D-4089F1F3A94C}.Debug|Any CPU.Build.0 = Debug|Any CPU
		{7224556E-82C0-41EF-B89D-4089F1F3A94C}.Release|Any CPU.ActiveCfg = Release|Any CPU
		{7224556E-82C0-41EF-B89D-4089F1F3A94C}.Release|Any CPU.Build.0 = Release|Any CPU
		{58573D5E-E9B6-4AD4-B72C-1BDD80FFF646}.Debug|Any CPU.ActiveCfg = Debug|Any CPU
		{58573D5E-E9B6-4AD4-B72C-1BDD80FFF646}.Debug|Any CPU.Build.0 = Debug|Any CPU
		{58573D5E-E9B6-4AD4-B72C-1BDD80FFF646}.Release|Any CPU.ActiveCfg = Release|Any CPU
		{58573D5E-E9B6-4AD4-B72C-1BDD80FFF646}.Release|Any CPU.Build.0 = Release|Any CPU
		{1CE53D46-D1FA-42E5-A0EB-FEFCF55B1C9E}.Debug|Any CPU.ActiveCfg = Debug|Any CPU
		{1CE53D46-D1FA-42E5-A0EB-FEFCF55B1C9E}.Debug|Any CPU.Build.0 = Debug|Any CPU
		{1CE53D46-D1FA-42E5-A0EB-FEFCF55B1C9E}.Release|Any CPU.ActiveCfg = Release|Any CPU
		{1CE53D46-D1FA-42E5-A0EB-FEFCF55B1C9E}.Release|Any CPU.Build.0 = Release|Any CPU
		{24CD7BDB-DB99-4DE7-B0D1-41564D598400}.Debug|Any CPU.ActiveCfg = Debug|Any CPU
		{24CD7BDB-DB99-4DE7-B0D1-41564D598400}.Debug|Any CPU.Build.0 = Debug|Any CPU
		{24CD7BDB-DB99-4DE7-B0D1-41564D598400}.Release|Any CPU.ActiveCfg = Release|Any CPU
		{24CD7BDB-DB99-4DE7-B0D1-41564D598400}.Release|Any CPU.Build.0 = Release|Any CPU
		{DD670BB6-2219-4A18-BD9F-46F5FD63CF50}.Debug|Any CPU.ActiveCfg = Debug|Any CPU
		{DD670BB6-2219-4A18-BD9F-46F5FD63CF50}.Debug|Any CPU.Build.0 = Debug|Any CPU
		{DD670BB6-2219-4A18-BD9F-46F5FD63CF50}.Release|Any CPU.ActiveCfg = Release|Any CPU
		{DD670BB6-2219-4A18-BD9F-46F5FD63CF50}.Release|Any CPU.Build.0 = Release|Any CPU
		{A680F488-DA3E-4E50-969D-63C5071B8809}.Debug|Any CPU.ActiveCfg = Debug|Any CPU
		{A680F488-DA3E-4E50-969D-63C5071B8809}.Debug|Any CPU.Build.0 = Debug|Any CPU
		{A680F488-DA3E-4E50-969D-63C5071B8809}.Release|Any CPU.ActiveCfg = Release|Any CPU
		{A680F488-DA3E-4E50-969D-63C5071B8809}.Release|Any CPU.Build.0 = Release|Any CPU
		{5FECAAB2-7A03-4145-81A2-0FBA398CD2EA}.Debug|Any CPU.ActiveCfg = Debug|Any CPU
		{5FECAAB2-7A03-4145-81A2-0FBA398CD2EA}.Debug|Any CPU.Build.0 = Debug|Any CPU
		{5FECAAB2-7A03-4145-81A2-0FBA398CD2EA}.Release|Any CPU.ActiveCfg = Release|Any CPU
		{5FECAAB2-7A03-4145-81A2-0FBA398CD2EA}.Release|Any CPU.Build.0 = Release|Any CPU
		{A5061D79-2B18-42CF-BBFF-8E7B3207E5F1}.Debug|Any CPU.ActiveCfg = Debug|Any CPU
		{A5061D79-2B18-42CF-BBFF-8E7B3207E5F1}.Debug|Any CPU.Build.0 = Debug|Any CPU
		{A5061D79-2B18-42CF-BBFF-8E7B3207E5F1}.Release|Any CPU.ActiveCfg = Release|Any CPU
		{A5061D79-2B18-42CF-BBFF-8E7B3207E5F1}.Release|Any CPU.Build.0 = Release|Any CPU
		{861A01B1-ADA3-431C-802D-089D1CEFE5F2}.Debug|Any CPU.ActiveCfg = Debug|Any CPU
		{861A01B1-ADA3-431C-802D-089D1CEFE5F2}.Debug|Any CPU.Build.0 = Debug|Any CPU
		{861A01B1-ADA3-431C-802D-089D1CEFE5F2}.Release|Any CPU.ActiveCfg = Release|Any CPU
		{861A01B1-ADA3-431C-802D-089D1CEFE5F2}.Release|Any CPU.Build.0 = Release|Any CPU
	EndGlobalSection
	GlobalSection(NestedProjects) = preSolution
		{57A592AE-C1D6-442F-9248-E946C8BC755C} = {2B26CA81-F803-4EBD-B93A-6AEF7A4BEDB1}
		{BC96AB57-AE61-4085-9CF0-25ED87CBD14E} = {57A592AE-C1D6-442F-9248-E946C8BC755C}
		{EAE72144-6BD5-4FC3-9661-71E6ADE6730C} = {2B26CA81-F803-4EBD-B93A-6AEF7A4BEDB1}
		{7224556E-82C0-41EF-B89D-4089F1F3A94C} = {EAE72144-6BD5-4FC3-9661-71E6ADE6730C}
		{A7EAEA89-9122-4330-A838-D461F048D5FA} = {0CFCFAEC-7350-4CED-8BBA-EFB178E4AC35}
		{58573D5E-E9B6-4AD4-B72C-1BDD80FFF646} = {A7EAEA89-9122-4330-A838-D461F048D5FA}
		{6BE498D1-4D82-4692-A4C0-5E40B493A593} = {F84AD233-3869-4D94-BB6B-CD88325CC5D3}
		{87E2F2E2-3FA5-47D8-9F43-3A6790EBA508} = {6BE498D1-4D82-4692-A4C0-5E40B493A593}
		{1CE53D46-D1FA-42E5-A0EB-FEFCF55B1C9E} = {87E2F2E2-3FA5-47D8-9F43-3A6790EBA508}
		{CF83F571-6023-4928-88EB-FEF6FFE61FCD} = {6BE498D1-4D82-4692-A4C0-5E40B493A593}
		{24CD7BDB-DB99-4DE7-B0D1-41564D598400} = {CF83F571-6023-4928-88EB-FEF6FFE61FCD}
		{DD670BB6-2219-4A18-BD9F-46F5FD63CF50} = {CF83F571-6023-4928-88EB-FEF6FFE61FCD}
		{53217576-1143-4245-BE10-CFA93F02A591} = {F84AD233-3869-4D94-BB6B-CD88325CC5D3}
		{0935D250-A38E-44D3-A473-6427B790720C} = {53217576-1143-4245-BE10-CFA93F02A591}
		{A680F488-DA3E-4E50-969D-63C5071B8809} = {0935D250-A38E-44D3-A473-6427B790720C}
		{0D52296F-5039-4571-AB44-3D16FCCB3A26} = {53217576-1143-4245-BE10-CFA93F02A591}
		{5FECAAB2-7A03-4145-81A2-0FBA398CD2EA} = {0D52296F-5039-4571-AB44-3D16FCCB3A26}
		{BAF59CCA-D41A-4851-84AB-4A7B5E93F45E} = {C862DE6E-48D5-4F48-9F39-74175E9C69D1}
		{2BFF59C6-D8BE-4D18-8B0F-7CFD7E09A183} = {C862DE6E-48D5-4F48-9F39-74175E9C69D1}
		{750AF967-D784-488E-848F-449AAA0CA0C5} = {C862DE6E-48D5-4F48-9F39-74175E9C69D1}
		{9B35BFE4-F51F-46A9-A090-977A1FD8900E} = {2BFF59C6-D8BE-4D18-8B0F-7CFD7E09A183}
		{89BCCC92-22B3-4FAB-8528-5E646B40FA6B} = {750AF967-D784-488E-848F-449AAA0CA0C5}
		{D3415C99-83CD-40EB-9C63-526681EB0FE2} = {2B26CA81-F803-4EBD-B93A-6AEF7A4BEDB1}
		{42F4658A-DEA3-4EEE-AC8D-C77E012B11E1} = {D3415C99-83CD-40EB-9C63-526681EB0FE2}
		{9CC5BC0F-8C19-44B0-A916-AE133C2A26D7} = {3F879823-C2E2-4DAE-B4A8-FF1E99A8EB71}
		{A5061D79-2B18-42CF-BBFF-8E7B3207E5F1} = {9CC5BC0F-8C19-44B0-A916-AE133C2A26D7}
		{6A75EE21-46A9-4EAC-AA86-C8BD8F7B7841} = {F84AD233-3869-4D94-BB6B-CD88325CC5D3}
		{6D929C88-090A-4DAE-BA81-F09F98BCD34D} = {6A75EE21-46A9-4EAC-AA86-C8BD8F7B7841}
		{861A01B1-ADA3-431C-802D-089D1CEFE5F2} = {6D929C88-090A-4DAE-BA81-F09F98BCD34D}
	EndGlobalSection
EndGlobal
