
Microsoft Visual Studio Solution File, Format Version 12.00
# Visual Studio Version 17
VisualStudioVersion = 17.0.31903.59
MinimumVisualStudioVersion = 10.0.40219.1
Project("{2150E333-8FDC-42A3-9474-1A3956D46DE8}") = "api-gateway", "api-gateway", "{702FE086-BFA7-4B4C-A60E-ACF6FB9BA618}"
EndProject
Project("{2150E333-8FDC-42A3-9474-1A3956D46DE8}") = "src", "src", "{271B890A-46CB-4878-B70F-05CB98785206}"
EndProject
Project("{FAE04EC0-301F-11D3-BF4B-00C04F79EFBC}") = "ProjectManagement.ApiGateway", "api-gateway\src\ProjectManagement.ApiGateway\ProjectManagement.ApiGateway.csproj", "{7F52F4A9-77BF-4396-910C-DD1315F094DA}"
EndProject
Project("{2150E333-8FDC-42A3-9474-1A3956D46DE8}") = "company-api", "company-api", "{B9849631-8253-492A-A7B7-E60A64C50858}"
	ProjectSection(SolutionItems) = preProject
		company-api\.github\workflows\dotnet.yml = company-api\.github\workflows\dotnet.yml
	EndProjectSection
EndProject
Project("{2150E333-8FDC-42A3-9474-1A3956D46DE8}") = "src", "src", "{51ABEF4E-2E46-4AE1-A864-98CE5AD941A3}"
EndProject
Project("{FAE04EC0-301F-11D3-BF4B-00C04F79EFBC}") = "ProjectManagement.Company.Api", "company-api\src\ProjectManagement.Company.Api\ProjectManagement.Company.Api.csproj", "{15AD6B20-9914-44F2-A177-E618E79C357E}"
EndProject
Project("{2150E333-8FDC-42A3-9474-1A3956D46DE8}") = "project-api", "project-api", "{BA9B6947-466A-4F62-84D2-23098AB2E8FA}"
	ProjectSection(SolutionItems) = preProject
		project-api\.github\workflows\dotnet.yml = project-api\.github\workflows\dotnet.yml
	EndProjectSection
EndProject
Project("{2150E333-8FDC-42A3-9474-1A3956D46DE8}") = "src", "src", "{2017EF9B-B509-4B04-B92A-26D9A636993F}"
EndProject
Project("{FAE04EC0-301F-11D3-BF4B-00C04F79EFBC}") = "ProjectManagement.Project.Api", "project-api\src\ProjectManagement.Project.Api\ProjectManagement.Project.Api.csproj", "{316160AA-F160-426F-8476-A37D2A3A70C3}"
EndProject
Project("{2150E333-8FDC-42A3-9474-1A3956D46DE8}") = "SolutionItems", "SolutionItems", "{02E81B77-D7E2-4BBA-B50F-423E375682C0}"
	ProjectSection(SolutionItems) = preProject
		README.md = README.md
		.editorconfig = .editorconfig
		docker-compose.yml = docker-compose.yml
		.env = .env
		.dockerignore = .dockerignore
		build-docker-images.ps1 = build-docker-images.ps1
		cleanup-docker-solution.ps1 = cleanup-docker-solution.ps1
		cleanup-local-solution.ps1 = cleanup-local-solution.ps1
		docker-compose-local.yml = docker-compose-local.yml
		global.json = global.json
		setup-docker-solution.ps1 = setup-docker-solution.ps1
		setup-local-dev.ps1 = setup-local-dev.ps1
		setup-k8s.ps1 = setup-k8s.ps1
		publish-docker-images.ps1 = publish-docker-images.ps1
	EndProjectSection
EndProject
Project("{2150E333-8FDC-42A3-9474-1A3956D46DE8}") = "tests", "tests", "{A0D6DBBA-9E13-4C88-BCA7-3F8CDDF116EB}"
EndProject
Project("{FAE04EC0-301F-11D3-BF4B-00C04F79EFBC}") = "ProjectManagement.Company.Api.IntegrationTests", "company-api\tests\ProjectManagement.Company.Api.IntegrationTests\ProjectManagement.Company.Api.IntegrationTests.csproj", "{9E0A525D-EDC5-4A48-B64E-DB1ACCC74A65}"
EndProject
Project("{FAE04EC0-301F-11D3-BF4B-00C04F79EFBC}") = "ProjectManagement.Company.Api.UnitTests", "company-api\tests\ProjectManagement.Company.Api.UnitTests\ProjectManagement.Company.Api.UnitTests.csproj", "{44258692-16CE-4820-B6E3-C10FA17172C1}"
EndProject
Project("{2150E333-8FDC-42A3-9474-1A3956D46DE8}") = "health-checks-dashboard", "health-checks-dashboard", "{A8E926E7-DD71-4122-B779-A3E31883B529}"
EndProject
Project("{2150E333-8FDC-42A3-9474-1A3956D46DE8}") = "src", "src", "{63B43ACC-98FE-4DF1-AF9E-592616EEA8AA}"
EndProject
Project("{FAE04EC0-301F-11D3-BF4B-00C04F79EFBC}") = "ProjectManagement.HealthChecksDashboard", "health-checks-dashboard\src\ProjectManagement.HealthChecksDashboard\ProjectManagement.HealthChecksDashboard.csproj", "{A26A41C6-3393-4687-996A-8E91F36E1ADB}"
EndProject
Project("{2150E333-8FDC-42A3-9474-1A3956D46DE8}") = "tests", "tests", "{A41D0691-4F3F-4605-B202-BB9D400C3547}"
EndProject
Project("{FAE04EC0-301F-11D3-BF4B-00C04F79EFBC}") = "ProjectManagement.Project.Api.UnitTests", "project-api\tests\ProjectManagement.Project.Api.UnitTests\ProjectManagement.Project.Api.UnitTests.csproj", "{F3185E30-DE61-4E41-B324-BE4EED0E04A5}"
EndProject
Project("{2150E333-8FDC-42A3-9474-1A3956D46DE8}") = "tests", "tests", "{D868CAB4-6E2D-4A91-8C63-8BC415A18FC9}"
EndProject
Project("{FAE04EC0-301F-11D3-BF4B-00C04F79EFBC}") = "ProjectManagement.ApiGateway.UnitTests", "api-gateway\tests\ProjectManagement.ApiGateway.UnitTests\ProjectManagement.ApiGateway.UnitTests.csproj", "{814E3389-208F-484D-B94C-31AEB3222DFF}"
EndProject
Project("{2150E333-8FDC-42A3-9474-1A3956D46DE8}") = "libraries", "libraries", "{98619345-8D6E-4EA6-87C4-4B68C2AB9899}"
EndProject
Project("{2150E333-8FDC-42A3-9474-1A3956D46DE8}") = "src", "src", "{3DE0DE4D-34AA-4DE1-BBD2-DFFC6FAEBE81}"
EndProject
Project("{FAE04EC0-301F-11D3-BF4B-00C04F79EFBC}") = "ProjectManagement.Core", "libraries\src\ProjectManagement.Core\ProjectManagement.Core.csproj", "{A64C561D-0EB8-4FAB-9BCD-351D9E186A59}"
EndProject
Project("{FAE04EC0-301F-11D3-BF4B-00C04F79EFBC}") = "ProjectManagement.Configuration", "libraries\src\ProjectManagement.Configuration\ProjectManagement.Configuration.csproj", "{01EE5C94-2396-409C-8BCB-45D2CFE18EAE}"
EndProject
Project("{FAE04EC0-301F-11D3-BF4B-00C04F79EFBC}") = "ProjectManagement.Auth", "libraries\src\ProjectManagement.Auth\ProjectManagement.Auth.csproj", "{70CB1C8F-118A-4793-949B-179BBA851600}"
EndProject
Project("{FAE04EC0-301F-11D3-BF4B-00C04F79EFBC}") = "ProjectManagement.Logging", "libraries\src\ProjectManagement.Logging\ProjectManagement.Logging.csproj", "{CF787A21-5F95-4E6E-A79C-BAA4A7EAD837}"
EndProject
Project("{FAE04EC0-301F-11D3-BF4B-00C04F79EFBC}") = "ProjectManagement.Telemetry", "libraries\src\ProjectManagement.Telemetry\ProjectManagement.Telemetry.csproj", "{44599632-71DF-470F-BF52-B316DF0D331F}"
EndProject
Project("{2150E333-8FDC-42A3-9474-1A3956D46DE8}") = "tests", "tests", "{2FE7F389-148B-44C2-8F16-9A912D127E4E}"
EndProject
Project("{FAE04EC0-301F-11D3-BF4B-00C04F79EFBC}") = "ProjectManagement.Auth.UnitTests", "libraries\tests\ProjectManagement.Auth.UnitTests\ProjectManagement.Auth.UnitTests.csproj", "{7F5520F1-B31F-462D-8238-2EB7972FEFA1}"
EndProject
Project("{FAE04EC0-301F-11D3-BF4B-00C04F79EFBC}") = "ProjectManagement.Persistence", "libraries\src\ProjectManagement.Persistence\ProjectManagement.Persistence.csproj", "{98D51F1D-F9E0-4D7F-B106-B8E51ED1B407}"
EndProject
Project("{FAE04EC0-301F-11D3-BF4B-00C04F79EFBC}") = "ProjectManagement.Core.UnitTests", "libraries\tests\ProjectManagement.Core.UnitTests\ProjectManagement.Core.UnitTests.csproj", "{D8659CE4-CF0A-463A-BC50-0BDDC968337F}"
EndProject
Project("{FAE04EC0-301F-11D3-BF4B-00C04F79EFBC}") = "ProjectManagement.Framework.Web", "libraries\src\ProjectManagement.Framework.Web\ProjectManagement.Framework.Web.csproj", "{95E00B4C-C09A-4D80-BDA5-E7730DFDCF29}"
EndProject
Project("{FAE04EC0-301F-11D3-BF4B-00C04F79EFBC}") = "ProjectManagement.Management", "libraries\src\ProjectManagement.Management\ProjectManagement.Management.csproj", "{18AB6058-A1DA-4EEA-B7EB-4ADEDFB5C30B}"
EndProject
Global
	GlobalSection(SolutionConfigurationPlatforms) = preSolution
		Debug|Any CPU = Debug|Any CPU
		Release|Any CPU = Release|Any CPU
	EndGlobalSection
	GlobalSection(SolutionProperties) = preSolution
		HideSolutionNode = FALSE
	EndGlobalSection
	GlobalSection(ProjectConfigurationPlatforms) = postSolution
		{7F52F4A9-77BF-4396-910C-DD1315F094DA}.Debug|Any CPU.ActiveCfg = Debug|Any CPU
		{7F52F4A9-77BF-4396-910C-DD1315F094DA}.Debug|Any CPU.Build.0 = Debug|Any CPU
		{7F52F4A9-77BF-4396-910C-DD1315F094DA}.Release|Any CPU.ActiveCfg = Release|Any CPU
		{7F52F4A9-77BF-4396-910C-DD1315F094DA}.Release|Any CPU.Build.0 = Release|Any CPU
		{15AD6B20-9914-44F2-A177-E618E79C357E}.Debug|Any CPU.ActiveCfg = Debug|Any CPU
		{15AD6B20-9914-44F2-A177-E618E79C357E}.Debug|Any CPU.Build.0 = Debug|Any CPU
		{15AD6B20-9914-44F2-A177-E618E79C357E}.Release|Any CPU.ActiveCfg = Release|Any CPU
		{15AD6B20-9914-44F2-A177-E618E79C357E}.Release|Any CPU.Build.0 = Release|Any CPU
		{316160AA-F160-426F-8476-A37D2A3A70C3}.Debug|Any CPU.ActiveCfg = Debug|Any CPU
		{316160AA-F160-426F-8476-A37D2A3A70C3}.Debug|Any CPU.Build.0 = Debug|Any CPU
		{316160AA-F160-426F-8476-A37D2A3A70C3}.Release|Any CPU.ActiveCfg = Release|Any CPU
		{316160AA-F160-426F-8476-A37D2A3A70C3}.Release|Any CPU.Build.0 = Release|Any CPU
		{9E0A525D-EDC5-4A48-B64E-DB1ACCC74A65}.Debug|Any CPU.ActiveCfg = Debug|Any CPU
		{9E0A525D-EDC5-4A48-B64E-DB1ACCC74A65}.Debug|Any CPU.Build.0 = Debug|Any CPU
		{9E0A525D-EDC5-4A48-B64E-DB1ACCC74A65}.Release|Any CPU.ActiveCfg = Release|Any CPU
		{9E0A525D-EDC5-4A48-B64E-DB1ACCC74A65}.Release|Any CPU.Build.0 = Release|Any CPU
		{44258692-16CE-4820-B6E3-C10FA17172C1}.Debug|Any CPU.ActiveCfg = Debug|Any CPU
		{44258692-16CE-4820-B6E3-C10FA17172C1}.Debug|Any CPU.Build.0 = Debug|Any CPU
		{44258692-16CE-4820-B6E3-C10FA17172C1}.Release|Any CPU.ActiveCfg = Release|Any CPU
		{44258692-16CE-4820-B6E3-C10FA17172C1}.Release|Any CPU.Build.0 = Release|Any CPU
		{A26A41C6-3393-4687-996A-8E91F36E1ADB}.Debug|Any CPU.ActiveCfg = Debug|Any CPU
		{A26A41C6-3393-4687-996A-8E91F36E1ADB}.Debug|Any CPU.Build.0 = Debug|Any CPU
		{A26A41C6-3393-4687-996A-8E91F36E1ADB}.Release|Any CPU.ActiveCfg = Release|Any CPU
		{A26A41C6-3393-4687-996A-8E91F36E1ADB}.Release|Any CPU.Build.0 = Release|Any CPU
		{F3185E30-DE61-4E41-B324-BE4EED0E04A5}.Debug|Any CPU.ActiveCfg = Debug|Any CPU
		{F3185E30-DE61-4E41-B324-BE4EED0E04A5}.Debug|Any CPU.Build.0 = Debug|Any CPU
		{F3185E30-DE61-4E41-B324-BE4EED0E04A5}.Release|Any CPU.ActiveCfg = Release|Any CPU
		{F3185E30-DE61-4E41-B324-BE4EED0E04A5}.Release|Any CPU.Build.0 = Release|Any CPU
		{814E3389-208F-484D-B94C-31AEB3222DFF}.Debug|Any CPU.ActiveCfg = Debug|Any CPU
		{814E3389-208F-484D-B94C-31AEB3222DFF}.Debug|Any CPU.Build.0 = Debug|Any CPU
		{814E3389-208F-484D-B94C-31AEB3222DFF}.Release|Any CPU.ActiveCfg = Release|Any CPU
		{814E3389-208F-484D-B94C-31AEB3222DFF}.Release|Any CPU.Build.0 = Release|Any CPU
		{A64C561D-0EB8-4FAB-9BCD-351D9E186A59}.Debug|Any CPU.ActiveCfg = Debug|Any CPU
		{A64C561D-0EB8-4FAB-9BCD-351D9E186A59}.Debug|Any CPU.Build.0 = Debug|Any CPU
		{A64C561D-0EB8-4FAB-9BCD-351D9E186A59}.Release|Any CPU.ActiveCfg = Release|Any CPU
		{A64C561D-0EB8-4FAB-9BCD-351D9E186A59}.Release|Any CPU.Build.0 = Release|Any CPU
		{01EE5C94-2396-409C-8BCB-45D2CFE18EAE}.Debug|Any CPU.ActiveCfg = Debug|Any CPU
		{01EE5C94-2396-409C-8BCB-45D2CFE18EAE}.Debug|Any CPU.Build.0 = Debug|Any CPU
		{01EE5C94-2396-409C-8BCB-45D2CFE18EAE}.Release|Any CPU.ActiveCfg = Release|Any CPU
		{01EE5C94-2396-409C-8BCB-45D2CFE18EAE}.Release|Any CPU.Build.0 = Release|Any CPU
		{70CB1C8F-118A-4793-949B-179BBA851600}.Debug|Any CPU.ActiveCfg = Debug|Any CPU
		{70CB1C8F-118A-4793-949B-179BBA851600}.Debug|Any CPU.Build.0 = Debug|Any CPU
		{70CB1C8F-118A-4793-949B-179BBA851600}.Release|Any CPU.ActiveCfg = Release|Any CPU
		{70CB1C8F-118A-4793-949B-179BBA851600}.Release|Any CPU.Build.0 = Release|Any CPU
		{CF787A21-5F95-4E6E-A79C-BAA4A7EAD837}.Debug|Any CPU.ActiveCfg = Debug|Any CPU
		{CF787A21-5F95-4E6E-A79C-BAA4A7EAD837}.Debug|Any CPU.Build.0 = Debug|Any CPU
		{CF787A21-5F95-4E6E-A79C-BAA4A7EAD837}.Release|Any CPU.ActiveCfg = Release|Any CPU
		{CF787A21-5F95-4E6E-A79C-BAA4A7EAD837}.Release|Any CPU.Build.0 = Release|Any CPU
		{44599632-71DF-470F-BF52-B316DF0D331F}.Debug|Any CPU.ActiveCfg = Debug|Any CPU
		{44599632-71DF-470F-BF52-B316DF0D331F}.Debug|Any CPU.Build.0 = Debug|Any CPU
		{44599632-71DF-470F-BF52-B316DF0D331F}.Release|Any CPU.ActiveCfg = Release|Any CPU
		{44599632-71DF-470F-BF52-B316DF0D331F}.Release|Any CPU.Build.0 = Release|Any CPU
		{7F5520F1-B31F-462D-8238-2EB7972FEFA1}.Debug|Any CPU.ActiveCfg = Debug|Any CPU
		{7F5520F1-B31F-462D-8238-2EB7972FEFA1}.Debug|Any CPU.Build.0 = Debug|Any CPU
		{7F5520F1-B31F-462D-8238-2EB7972FEFA1}.Release|Any CPU.ActiveCfg = Release|Any CPU
		{7F5520F1-B31F-462D-8238-2EB7972FEFA1}.Release|Any CPU.Build.0 = Release|Any CPU
		{98D51F1D-F9E0-4D7F-B106-B8E51ED1B407}.Debug|Any CPU.ActiveCfg = Debug|Any CPU
		{98D51F1D-F9E0-4D7F-B106-B8E51ED1B407}.Debug|Any CPU.Build.0 = Debug|Any CPU
		{98D51F1D-F9E0-4D7F-B106-B8E51ED1B407}.Release|Any CPU.ActiveCfg = Release|Any CPU
		{98D51F1D-F9E0-4D7F-B106-B8E51ED1B407}.Release|Any CPU.Build.0 = Release|Any CPU
		{D8659CE4-CF0A-463A-BC50-0BDDC968337F}.Debug|Any CPU.ActiveCfg = Debug|Any CPU
		{D8659CE4-CF0A-463A-BC50-0BDDC968337F}.Debug|Any CPU.Build.0 = Debug|Any CPU
		{D8659CE4-CF0A-463A-BC50-0BDDC968337F}.Release|Any CPU.ActiveCfg = Release|Any CPU
		{D8659CE4-CF0A-463A-BC50-0BDDC968337F}.Release|Any CPU.Build.0 = Release|Any CPU
		{95E00B4C-C09A-4D80-BDA5-E7730DFDCF29}.Debug|Any CPU.ActiveCfg = Debug|Any CPU
		{95E00B4C-C09A-4D80-BDA5-E7730DFDCF29}.Debug|Any CPU.Build.0 = Debug|Any CPU
		{95E00B4C-C09A-4D80-BDA5-E7730DFDCF29}.Release|Any CPU.ActiveCfg = Release|Any CPU
		{95E00B4C-C09A-4D80-BDA5-E7730DFDCF29}.Release|Any CPU.Build.0 = Release|Any CPU
		{18AB6058-A1DA-4EEA-B7EB-4ADEDFB5C30B}.Debug|Any CPU.ActiveCfg = Debug|Any CPU
		{18AB6058-A1DA-4EEA-B7EB-4ADEDFB5C30B}.Debug|Any CPU.Build.0 = Debug|Any CPU
		{18AB6058-A1DA-4EEA-B7EB-4ADEDFB5C30B}.Release|Any CPU.ActiveCfg = Release|Any CPU
		{18AB6058-A1DA-4EEA-B7EB-4ADEDFB5C30B}.Release|Any CPU.Build.0 = Release|Any CPU
	EndGlobalSection
	GlobalSection(NestedProjects) = preSolution
		{271B890A-46CB-4878-B70F-05CB98785206} = {702FE086-BFA7-4B4C-A60E-ACF6FB9BA618}
		{7F52F4A9-77BF-4396-910C-DD1315F094DA} = {271B890A-46CB-4878-B70F-05CB98785206}
		{51ABEF4E-2E46-4AE1-A864-98CE5AD941A3} = {B9849631-8253-492A-A7B7-E60A64C50858}
		{15AD6B20-9914-44F2-A177-E618E79C357E} = {51ABEF4E-2E46-4AE1-A864-98CE5AD941A3}
		{2017EF9B-B509-4B04-B92A-26D9A636993F} = {BA9B6947-466A-4F62-84D2-23098AB2E8FA}
		{316160AA-F160-426F-8476-A37D2A3A70C3} = {2017EF9B-B509-4B04-B92A-26D9A636993F}
		{A0D6DBBA-9E13-4C88-BCA7-3F8CDDF116EB} = {B9849631-8253-492A-A7B7-E60A64C50858}
		{9E0A525D-EDC5-4A48-B64E-DB1ACCC74A65} = {A0D6DBBA-9E13-4C88-BCA7-3F8CDDF116EB}
		{44258692-16CE-4820-B6E3-C10FA17172C1} = {A0D6DBBA-9E13-4C88-BCA7-3F8CDDF116EB}
		{63B43ACC-98FE-4DF1-AF9E-592616EEA8AA} = {A8E926E7-DD71-4122-B779-A3E31883B529}
		{A26A41C6-3393-4687-996A-8E91F36E1ADB} = {63B43ACC-98FE-4DF1-AF9E-592616EEA8AA}
		{A41D0691-4F3F-4605-B202-BB9D400C3547} = {BA9B6947-466A-4F62-84D2-23098AB2E8FA}
		{F3185E30-DE61-4E41-B324-BE4EED0E04A5} = {A41D0691-4F3F-4605-B202-BB9D400C3547}
		{D868CAB4-6E2D-4A91-8C63-8BC415A18FC9} = {702FE086-BFA7-4B4C-A60E-ACF6FB9BA618}
		{814E3389-208F-484D-B94C-31AEB3222DFF} = {D868CAB4-6E2D-4A91-8C63-8BC415A18FC9}
		{3DE0DE4D-34AA-4DE1-BBD2-DFFC6FAEBE81} = {98619345-8D6E-4EA6-87C4-4B68C2AB9899}
		{A64C561D-0EB8-4FAB-9BCD-351D9E186A59} = {3DE0DE4D-34AA-4DE1-BBD2-DFFC6FAEBE81}
		{01EE5C94-2396-409C-8BCB-45D2CFE18EAE} = {3DE0DE4D-34AA-4DE1-BBD2-DFFC6FAEBE81}
		{70CB1C8F-118A-4793-949B-179BBA851600} = {3DE0DE4D-34AA-4DE1-BBD2-DFFC6FAEBE81}
		{CF787A21-5F95-4E6E-A79C-BAA4A7EAD837} = {3DE0DE4D-34AA-4DE1-BBD2-DFFC6FAEBE81}
		{44599632-71DF-470F-BF52-B316DF0D331F} = {3DE0DE4D-34AA-4DE1-BBD2-DFFC6FAEBE81}
		{2FE7F389-148B-44C2-8F16-9A912D127E4E} = {98619345-8D6E-4EA6-87C4-4B68C2AB9899}
		{7F5520F1-B31F-462D-8238-2EB7972FEFA1} = {2FE7F389-148B-44C2-8F16-9A912D127E4E}
		{98D51F1D-F9E0-4D7F-B106-B8E51ED1B407} = {3DE0DE4D-34AA-4DE1-BBD2-DFFC6FAEBE81}
		{D8659CE4-CF0A-463A-BC50-0BDDC968337F} = {2FE7F389-148B-44C2-8F16-9A912D127E4E}
		{95E00B4C-C09A-4D80-BDA5-E7730DFDCF29} = {3DE0DE4D-34AA-4DE1-BBD2-DFFC6FAEBE81}
		{18AB6058-A1DA-4EEA-B7EB-4ADEDFB5C30B} = {3DE0DE4D-34AA-4DE1-BBD2-DFFC6FAEBE81}
	EndGlobalSection
EndGlobal
